
Microsoft Visual Studio Solution File, Format Version 12.00
# Visual Studio Version 16
VisualStudioVersion = 16.0.30011.22
MinimumVisualStudioVersion = 10.0.40219.1
Project("{FAE04EC0-301F-11D3-BF4B-00C04F79EFBC}") = "send2Python", "send2Python.csproj", "{ADA46A55-2654-4676-9B41-0570C1F335EB}"
EndProject
Global
	GlobalSection(SolutionConfigurationPlatforms) = preSolution
		Debug|Any CPU = Debug|Any CPU
		Release|Any CPU = Release|Any CPU
	EndGlobalSection
	GlobalSection(ProjectConfigurationPlatforms) = postSolution
		{ADA46A55-2654-4676-9B41-0570C1F335EB}.Debug|Any CPU.ActiveCfg = Debug|Any CPU
		{ADA46A55-2654-4676-9B41-0570C1F335EB}.Debug|Any CPU.Build.0 = Debug|Any CPU
		{ADA46A55-2654-4676-9B41-0570C1F335EB}.Release|Any CPU.ActiveCfg = Release|Any CPU
		{ADA46A55-2654-4676-9B41-0570C1F335EB}.Release|Any CPU.Build.0 = Release|Any CPU
	EndGlobalSection
	GlobalSection(SolutionProperties) = preSolution
		HideSolutionNode = FALSE
	EndGlobalSection
	GlobalSection(ExtensibilityGlobals) = postSolution
		SolutionGuid = {64669C88-1490-47E0-A853-A5B8FF40D05B}
	EndGlobalSection
EndGlobal
